// !$*UTF8*$!
{
	archiveVersion = 1;
	classes = {
	};
	objectVersion = 50;
	objects = {

/* Begin PBXBuildFile section */
		720E031422791F6700CC67E6 /* SignInModel.swift in Sources */ = {isa = PBXBuildFile; fileRef = 720E031322791F6700CC67E6 /* SignInModel.swift */; };
		720E0316227924B200CC67E6 /* LocalStore.swift in Sources */ = {isa = PBXBuildFile; fileRef = 720E0315227924B100CC67E6 /* LocalStore.swift */; };
		720E03182279284200CC67E6 /* constants.swift in Sources */ = {isa = PBXBuildFile; fileRef = 720E03172279284200CC67E6 /* constants.swift */; };
		720E031A22792C4E00CC67E6 /* HomeViewController.swift in Sources */ = {isa = PBXBuildFile; fileRef = 720E031922792C4E00CC67E6 /* HomeViewController.swift */; };
		72F6B27A2277BB7D00EEE3B6 /* AppDelegate.swift in Sources */ = {isa = PBXBuildFile; fileRef = 72F6B2792277BB7D00EEE3B6 /* AppDelegate.swift */; };
		72F6B27C2277BB7D00EEE3B6 /* RegisterViewController.swift in Sources */ = {isa = PBXBuildFile; fileRef = 72F6B27B2277BB7D00EEE3B6 /* RegisterViewController.swift */; };
		72F6B2812277BB7F00EEE3B6 /* Assets.xcassets in Resources */ = {isa = PBXBuildFile; fileRef = 72F6B2802277BB7F00EEE3B6 /* Assets.xcassets */; };
		72F6B2842277BB7F00EEE3B6 /* LaunchScreen.storyboard in Resources */ = {isa = PBXBuildFile; fileRef = 72F6B2822277BB7F00EEE3B6 /* LaunchScreen.storyboard */; };
		72F6B28C2277BC9100EEE3B6 /* Main.storyboard in Resources */ = {isa = PBXBuildFile; fileRef = 72F6B28B2277BC9100EEE3B6 /* Main.storyboard */; };
		72F6B28E2277BCD900EEE3B6 /* SignInViewController.swift in Sources */ = {isa = PBXBuildFile; fileRef = 72F6B28D2277BCD900EEE3B6 /* SignInViewController.swift */; };
		72F6B2912277C04B00EEE3B6 /* URLs.swift in Sources */ = {isa = PBXBuildFile; fileRef = 72F6B2902277C04B00EEE3B6 /* URLs.swift */; };
		72F6B2932277C2F100EEE3B6 /* HelpingMethods.swift in Sources */ = {isa = PBXBuildFile; fileRef = 72F6B2922277C2F100EEE3B6 /* HelpingMethods.swift */; };
		72F6B2952277C45700EEE3B6 /* RegisterService.swift in Sources */ = {isa = PBXBuildFile; fileRef = 72F6B2942277C45700EEE3B6 /* RegisterService.swift */; };
		72F6B2992277D8DE00EEE3B6 /* RegisterModel.swift in Sources */ = {isa = PBXBuildFile; fileRef = 72F6B2982277D8DE00EEE3B6 /* RegisterModel.swift */; };
		72F6B29B2277E2F000EEE3B6 /* CheckRegisteredInfo.swift in Sources */ = {isa = PBXBuildFile; fileRef = 72F6B29A2277E2F000EEE3B6 /* CheckRegisteredInfo.swift */; };
		72F6B29F2278065100EEE3B6 /* RegisterResponseModel.swift in Sources */ = {isa = PBXBuildFile; fileRef = 72F6B29E2278065100EEE3B6 /* RegisterResponseModel.swift */; };
		72F6B2A122780C2200EEE3B6 /* SignInServices.swift in Sources */ = {isa = PBXBuildFile; fileRef = 72F6B2A022780C2200EEE3B6 /* SignInServices.swift */; };
		934CDBE1104DA935862EAAC4 /* Pods_Aziz_Maraka_Music_App.framework in Frameworks */ = {isa = PBXBuildFile; fileRef = 4202372991DBE4C98B63C761 /* Pods_Aziz_Maraka_Music_App.framework */; };
/* End PBXBuildFile section */

/* Begin PBXFileReference section */
		282E177A0A6EA3A8C02E654F /* Pods-Aziz Maraka Music App.debug.xcconfig */ = {isa = PBXFileReference; includeInIndex = 1; lastKnownFileType = text.xcconfig; name = "Pods-Aziz Maraka Music App.debug.xcconfig"; path = "Target Support Files/Pods-Aziz Maraka Music App/Pods-Aziz Maraka Music App.debug.xcconfig"; sourceTree = "<group>"; };
		4202372991DBE4C98B63C761 /* Pods_Aziz_Maraka_Music_App.framework */ = {isa = PBXFileReference; explicitFileType = wrapper.framework; includeInIndex = 0; path = Pods_Aziz_Maraka_Music_App.framework; sourceTree = BUILT_PRODUCTS_DIR; };
		6EAFB38375A0B4B80D663B94 /* Pods-Aziz Maraka Music App.release.xcconfig */ = {isa = PBXFileReference; includeInIndex = 1; lastKnownFileType = text.xcconfig; name = "Pods-Aziz Maraka Music App.release.xcconfig"; path = "Target Support Files/Pods-Aziz Maraka Music App/Pods-Aziz Maraka Music App.release.xcconfig"; sourceTree = "<group>"; };
		720E031322791F6700CC67E6 /* SignInModel.swift */ = {isa = PBXFileReference; fileEncoding = 4; lastKnownFileType = sourcecode.swift; path = SignInModel.swift; sourceTree = "<group>"; };
		720E0315227924B100CC67E6 /* LocalStore.swift */ = {isa = PBXFileReference; lastKnownFileType = sourcecode.swift; path = LocalStore.swift; sourceTree = "<group>"; };
		720E03172279284200CC67E6 /* constants.swift */ = {isa = PBXFileReference; lastKnownFileType = sourcecode.swift; path = constants.swift; sourceTree = "<group>"; };
		720E031922792C4E00CC67E6 /* HomeViewController.swift */ = {isa = PBXFileReference; lastKnownFileType = sourcecode.swift; path = HomeViewController.swift; sourceTree = "<group>"; };
		72F6B2762277BB7D00EEE3B6 /* Aziz Maraka Music App.app */ = {isa = PBXFileReference; explicitFileType = wrapper.application; includeInIndex = 0; path = "Aziz Maraka Music App.app"; sourceTree = BUILT_PRODUCTS_DIR; };
		72F6B2792277BB7D00EEE3B6 /* AppDelegate.swift */ = {isa = PBXFileReference; lastKnownFileType = sourcecode.swift; path = AppDelegate.swift; sourceTree = "<group>"; };
		72F6B27B2277BB7D00EEE3B6 /* RegisterViewController.swift */ = {isa = PBXFileReference; lastKnownFileType = sourcecode.swift; path = RegisterViewController.swift; sourceTree = "<group>"; };
		72F6B2802277BB7F00EEE3B6 /* Assets.xcassets */ = {isa = PBXFileReference; lastKnownFileType = folder.assetcatalog; path = Assets.xcassets; sourceTree = "<group>"; };
		72F6B2832277BB7F00EEE3B6 /* Base */ = {isa = PBXFileReference; lastKnownFileType = file.storyboard; name = Base; path = Base.lproj/LaunchScreen.storyboard; sourceTree = "<group>"; };
		72F6B2852277BB7F00EEE3B6 /* Info.plist */ = {isa = PBXFileReference; lastKnownFileType = text.plist.xml; path = Info.plist; sourceTree = "<group>"; };
		72F6B28B2277BC9100EEE3B6 /* Main.storyboard */ = {isa = PBXFileReference; fileEncoding = 4; lastKnownFileType = file.storyboard; path = Main.storyboard; sourceTree = "<group>"; };
		72F6B28D2277BCD900EEE3B6 /* SignInViewController.swift */ = {isa = PBXFileReference; lastKnownFileType = sourcecode.swift; path = SignInViewController.swift; sourceTree = "<group>"; };
		72F6B2902277C04B00EEE3B6 /* URLs.swift */ = {isa = PBXFileReference; lastKnownFileType = sourcecode.swift; path = URLs.swift; sourceTree = "<group>"; };
		72F6B2922277C2F100EEE3B6 /* HelpingMethods.swift */ = {isa = PBXFileReference; lastKnownFileType = sourcecode.swift; path = HelpingMethods.swift; sourceTree = "<group>"; };
		72F6B2942277C45700EEE3B6 /* RegisterService.swift */ = {isa = PBXFileReference; lastKnownFileType = sourcecode.swift; path = RegisterService.swift; sourceTree = "<group>"; };
		72F6B2982277D8DE00EEE3B6 /* RegisterModel.swift */ = {isa = PBXFileReference; lastKnownFileType = sourcecode.swift; path = RegisterModel.swift; sourceTree = "<group>"; };
		72F6B29A2277E2F000EEE3B6 /* CheckRegisteredInfo.swift */ = {isa = PBXFileReference; lastKnownFileType = sourcecode.swift; path = CheckRegisteredInfo.swift; sourceTree = "<group>"; };
		72F6B29E2278065100EEE3B6 /* RegisterResponseModel.swift */ = {isa = PBXFileReference; fileEncoding = 4; lastKnownFileType = sourcecode.swift; path = RegisterResponseModel.swift; sourceTree = "<group>"; };
		72F6B2A022780C2200EEE3B6 /* SignInServices.swift */ = {isa = PBXFileReference; lastKnownFileType = sourcecode.swift; path = SignInServices.swift; sourceTree = "<group>"; };
/* End PBXFileReference section */

/* Begin PBXFrameworksBuildPhase section */
		72F6B2732277BB7D00EEE3B6 /* Frameworks */ = {
			isa = PBXFrameworksBuildPhase;
			buildActionMask = 2147483647;
			files = (
				934CDBE1104DA935862EAAC4 /* Pods_Aziz_Maraka_Music_App.framework in Frameworks */,
			);
			runOnlyForDeploymentPostprocessing = 0;
		};
/* End PBXFrameworksBuildPhase section */

/* Begin PBXGroup section */
		1CD5DAF37AC8A9101202AC3C /* Pods */ = {
			isa = PBXGroup;
			children = (
				282E177A0A6EA3A8C02E654F /* Pods-Aziz Maraka Music App.debug.xcconfig */,
				6EAFB38375A0B4B80D663B94 /* Pods-Aziz Maraka Music App.release.xcconfig */,
			);
			path = Pods;
			sourceTree = "<group>";
		};
		72F6B26D2277BB7D00EEE3B6 = {
			isa = PBXGroup;
			children = (
				72F6B2782277BB7D00EEE3B6 /* Aziz Maraka Music App */,
				72F6B2772277BB7D00EEE3B6 /* Products */,
				1CD5DAF37AC8A9101202AC3C /* Pods */,
				9771B1AE232EDA37F47028A0 /* Frameworks */,
			);
			sourceTree = "<group>";
		};
		72F6B2772277BB7D00EEE3B6 /* Products */ = {
			isa = PBXGroup;
			children = (
				72F6B2762277BB7D00EEE3B6 /* Aziz Maraka Music App.app */,
			);
			name = Products;
			sourceTree = "<group>";
		};
		72F6B2782277BB7D00EEE3B6 /* Aziz Maraka Music App */ = {
			isa = PBXGroup;
			children = (
				720E031322791F6700CC67E6 /* SignInModel.swift */,
				72F6B29E2278065100EEE3B6 /* RegisterResponseModel.swift */,
				72F6B2792277BB7D00EEE3B6 /* AppDelegate.swift */,
				72F6B28F2277BCDF00EEE3B6 /* View Controllers */,
				72F6B28B2277BC9100EEE3B6 /* Main.storyboard */,
				72F6B2802277BB7F00EEE3B6 /* Assets.xcassets */,
				72F6B2822277BB7F00EEE3B6 /* LaunchScreen.storyboard */,
				72F6B2852277BB7F00EEE3B6 /* Info.plist */,
				72F6B2902277C04B00EEE3B6 /* URLs.swift */,
				72F6B2972277C81C00EEE3B6 /* Helping Methods */,
				72F6B2962277C7A400EEE3B6 /* Services */,
				72F6B2982277D8DE00EEE3B6 /* RegisterModel.swift */,
				720E0315227924B100CC67E6 /* LocalStore.swift */,
				720E03172279284200CC67E6 /* constants.swift */,
			);
			path = "Aziz Maraka Music App";
			sourceTree = "<group>";
		};
		72F6B28F2277BCDF00EEE3B6 /* View Controllers */ = {
			isa = PBXGroup;
			children = (
				72F6B28D2277BCD900EEE3B6 /* SignInViewController.swift */,
				72F6B27B2277BB7D00EEE3B6 /* RegisterViewController.swift */,
				720E031922792C4E00CC67E6 /* HomeViewController.swift */,
			);
			path = "View Controllers";
			sourceTree = "<group>";
		};
		72F6B2962277C7A400EEE3B6 /* Services */ = {
			isa = PBXGroup;
			children = (
				72F6B2942277C45700EEE3B6 /* RegisterService.swift */,
				72F6B2A022780C2200EEE3B6 /* SignInServices.swift */,
			);
			path = Services;
			sourceTree = "<group>";
		};
		72F6B2972277C81C00EEE3B6 /* Helping Methods */ = {
			isa = PBXGroup;
			children = (
				72F6B2922277C2F100EEE3B6 /* HelpingMethods.swift */,
				72F6B29A2277E2F000EEE3B6 /* CheckRegisteredInfo.swift */,
			);
			path = "Helping Methods";
			sourceTree = "<group>";
		};
		9771B1AE232EDA37F47028A0 /* Frameworks */ = {
			isa = PBXGroup;
			children = (
				4202372991DBE4C98B63C761 /* Pods_Aziz_Maraka_Music_App.framework */,
			);
			name = Frameworks;
			sourceTree = "<group>";
		};
/* End PBXGroup section */

/* Begin PBXNativeTarget section */
		72F6B2752277BB7D00EEE3B6 /* Aziz Maraka Music App */ = {
			isa = PBXNativeTarget;
			buildConfigurationList = 72F6B2882277BB7F00EEE3B6 /* Build configuration list for PBXNativeTarget "Aziz Maraka Music App" */;
			buildPhases = (
				80FC2E67D5DDD3EA1BCF1070 /* [CP] Check Pods Manifest.lock */,
				72F6B2722277BB7D00EEE3B6 /* Sources */,
				72F6B2732277BB7D00EEE3B6 /* Frameworks */,
				72F6B2742277BB7D00EEE3B6 /* Resources */,
				9DC9D47D09CC72F0243EABAC /* [CP] Embed Pods Frameworks */,
			);
			buildRules = (
			);
			dependencies = (
			);
			name = "Aziz Maraka Music App";
			productName = "Aziz Maraka Music App";
			productReference = 72F6B2762277BB7D00EEE3B6 /* Aziz Maraka Music App.app */;
			productType = "com.apple.product-type.application";
		};
/* End PBXNativeTarget section */

/* Begin PBXProject section */
		72F6B26E2277BB7D00EEE3B6 /* Project object */ = {
			isa = PBXProject;
			attributes = {
				LastSwiftUpdateCheck = 1000;
				LastUpgradeCheck = 1000;
				ORGANIZATIONNAME = AsMaa;
				TargetAttributes = {
					72F6B2752277BB7D00EEE3B6 = {
						CreatedOnToolsVersion = 10.0;
					};
				};
			};
			buildConfigurationList = 72F6B2712277BB7D00EEE3B6 /* Build configuration list for PBXProject "Aziz Maraka Music App" */;
			compatibilityVersion = "Xcode 9.3";
			developmentRegion = en;
			hasScannedForEncodings = 0;
			knownRegions = (
				en,
				Base,
			);
			mainGroup = 72F6B26D2277BB7D00EEE3B6;
			productRefGroup = 72F6B2772277BB7D00EEE3B6 /* Products */;
			projectDirPath = "";
			projectRoot = "";
			targets = (
				72F6B2752277BB7D00EEE3B6 /* Aziz Maraka Music App */,
			);
		};
/* End PBXProject section */

/* Begin PBXResourcesBuildPhase section */
		72F6B2742277BB7D00EEE3B6 /* Resources */ = {
			isa = PBXResourcesBuildPhase;
			buildActionMask = 2147483647;
			files = (
				72F6B2842277BB7F00EEE3B6 /* LaunchScreen.storyboard in Resources */,
				72F6B2812277BB7F00EEE3B6 /* Assets.xcassets in Resources */,
				72F6B28C2277BC9100EEE3B6 /* Main.storyboard in Resources */,
			);
			runOnlyForDeploymentPostprocessing = 0;
		};
/* End PBXResourcesBuildPhase section */

/* Begin PBXShellScriptBuildPhase section */
		80FC2E67D5DDD3EA1BCF1070 /* [CP] Check Pods Manifest.lock */ = {
			isa = PBXShellScriptBuildPhase;
			buildActionMask = 2147483647;
			files = (
			);
			inputFileListPaths = (
			);
			inputPaths = (
				"${PODS_PODFILE_DIR_PATH}/Podfile.lock",
				"${PODS_ROOT}/Manifest.lock",
			);
			name = "[CP] Check Pods Manifest.lock";
			outputFileListPaths = (
			);
			outputPaths = (
				"$(DERIVED_FILE_DIR)/Pods-Aziz Maraka Music App-checkManifestLockResult.txt",
			);
			runOnlyForDeploymentPostprocessing = 0;
			shellPath = /bin/sh;
			shellScript = "diff \"${PODS_PODFILE_DIR_PATH}/Podfile.lock\" \"${PODS_ROOT}/Manifest.lock\" > /dev/null\nif [ $? != 0 ] ; then\n    # print error to STDERR\n    echo \"error: The sandbox is not in sync with the Podfile.lock. Run 'pod install' or update your CocoaPods installation.\" >&2\n    exit 1\nfi\n# This output is used by Xcode 'outputs' to avoid re-running this script phase.\necho \"SUCCESS\" > \"${SCRIPT_OUTPUT_FILE_0}\"\n";
			showEnvVarsInLog = 0;
		};
		9DC9D47D09CC72F0243EABAC /* [CP] Embed Pods Frameworks */ = {
			isa = PBXShellScriptBuildPhase;
			buildActionMask = 2147483647;
			files = (
			);
			inputFileListPaths = (
			);
			inputPaths = (
				"${PODS_ROOT}/Target Support Files/Pods-Aziz Maraka Music App/Pods-Aziz Maraka Music App-frameworks.sh",
				"${BUILT_PRODUCTS_DIR}/Alamofire/Alamofire.framework",
			);
			name = "[CP] Embed Pods Frameworks";
			outputFileListPaths = (
			);
			outputPaths = (
				"${TARGET_BUILD_DIR}/${FRAMEWORKS_FOLDER_PATH}/Alamofire.framework",
			);
			runOnlyForDeploymentPostprocessing = 0;
			shellPath = /bin/sh;
			shellScript = "\"${PODS_ROOT}/Target Support Files/Pods-Aziz Maraka Music App/Pods-Aziz Maraka Music App-frameworks.sh\"\n";
			showEnvVarsInLog = 0;
		};
/* End PBXShellScriptBuildPhase section */

/* Begin PBXSourcesBuildPhase section */
		72F6B2722277BB7D00EEE3B6 /* Sources */ = {
			isa = PBXSourcesBuildPhase;
			buildActionMask = 2147483647;
			files = (
				72F6B28E2277BCD900EEE3B6 /* SignInViewController.swift in Sources */,
				72F6B2992277D8DE00EEE3B6 /* RegisterModel.swift in Sources */,
				72F6B29F2278065100EEE3B6 /* RegisterResponseModel.swift in Sources */,
				72F6B27C2277BB7D00EEE3B6 /* RegisterViewController.swift in Sources */,
				72F6B2952277C45700EEE3B6 /* RegisterService.swift in Sources */,
				720E031A22792C4E00CC67E6 /* HomeViewController.swift in Sources */,
				72F6B2A122780C2200EEE3B6 /* SignInServices.swift in Sources */,
				720E03182279284200CC67E6 /* constants.swift in Sources */,
				72F6B29B2277E2F000EEE3B6 /* CheckRegisteredInfo.swift in Sources */,
				72F6B27A2277BB7D00EEE3B6 /* AppDelegate.swift in Sources */,
				72F6B2932277C2F100EEE3B6 /* HelpingMethods.swift in Sources */,
				72F6B2912277C04B00EEE3B6 /* URLs.swift in Sources */,
				720E031422791F6700CC67E6 /* SignInModel.swift in Sources */,
				720E0316227924B200CC67E6 /* LocalStore.swift in Sources */,
			);
			runOnlyForDeploymentPostprocessing = 0;
		};
/* End PBXSourcesBuildPhase section */

/* Begin PBXVariantGroup section */
		72F6B2822277BB7F00EEE3B6 /* LaunchScreen.storyboard */ = {
			isa = PBXVariantGroup;
			children = (
				72F6B2832277BB7F00EEE3B6 /* Base */,
			);
			name = LaunchScreen.storyboard;
			sourceTree = "<group>";
		};
/* End PBXVariantGroup section */

/* Begin XCBuildConfiguration section */
		72F6B2862277BB7F00EEE3B6 /* Debug */ = {
			isa = XCBuildConfiguration;
			buildSettings = {
				ALWAYS_SEARCH_USER_PATHS = NO;
				CLANG_ANALYZER_NONNULL = YES;
				CLANG_ANALYZER_NUMBER_OBJECT_CONVERSION = YES_AGGRESSIVE;
				CLANG_CXX_LANGUAGE_STANDARD = "gnu++14";
				CLANG_CXX_LIBRARY = "libc++";
				CLANG_ENABLE_MODULES = YES;
				CLANG_ENABLE_OBJC_ARC = YES;
				CLANG_ENABLE_OBJC_WEAK = YES;
				CLANG_WARN_BLOCK_CAPTURE_AUTORELEASING = YES;
				CLANG_WARN_BOOL_CONVERSION = YES;
				CLANG_WARN_COMMA = YES;
				CLANG_WARN_CONSTANT_CONVERSION = YES;
				CLANG_WARN_DEPRECATED_OBJC_IMPLEMENTATIONS = YES;
				CLANG_WARN_DIRECT_OBJC_ISA_USAGE = YES_ERROR;
				CLANG_WARN_DOCUMENTATION_COMMENTS = YES;
				CLANG_WARN_EMPTY_BODY = YES;
				CLANG_WARN_ENUM_CONVERSION = YES;
				CLANG_WARN_INFINITE_RECURSION = YES;
				CLANG_WARN_INT_CONVERSION = YES;
				CLANG_WARN_NON_LITERAL_NULL_CONVERSION = YES;
				CLANG_WARN_OBJC_IMPLICIT_RETAIN_SELF = YES;
				CLANG_WARN_OBJC_LITERAL_CONVERSION = YES;
				CLANG_WARN_OBJC_ROOT_CLASS = YES_ERROR;
				CLANG_WARN_RANGE_LOOP_ANALYSIS = YES;
				CLANG_WARN_STRICT_PROTOTYPES = YES;
				CLANG_WARN_SUSPICIOUS_MOVE = YES;
				CLANG_WARN_UNGUARDED_AVAILABILITY = YES_AGGRESSIVE;
				CLANG_WARN_UNREACHABLE_CODE = YES;
				CLANG_WARN__DUPLICATE_METHOD_MATCH = YES;
				CODE_SIGN_IDENTITY = "iPhone Developer";
				COPY_PHASE_STRIP = NO;
				DEBUG_INFORMATION_FORMAT = dwarf;
				ENABLE_STRICT_OBJC_MSGSEND = YES;
				ENABLE_TESTABILITY = YES;
				GCC_C_LANGUAGE_STANDARD = gnu11;
				GCC_DYNAMIC_NO_PIC = NO;
				GCC_NO_COMMON_BLOCKS = YES;
				GCC_OPTIMIZATION_LEVEL = 0;
				GCC_PREPROCESSOR_DEFINITIONS = (
					"DEBUG=1",
					"$(inherited)",
				);
				GCC_WARN_64_TO_32_BIT_CONVERSION = YES;
				GCC_WARN_ABOUT_RETURN_TYPE = YES_ERROR;
				GCC_WARN_UNDECLARED_SELECTOR = YES;
				GCC_WARN_UNINITIALIZED_AUTOS = YES_AGGRESSIVE;
				GCC_WARN_UNUSED_FUNCTION = YES;
				GCC_WARN_UNUSED_VARIABLE = YES;
				IPHONEOS_DEPLOYMENT_TARGET = 12.0;
				MTL_ENABLE_DEBUG_INFO = INCLUDE_SOURCE;
				MTL_FAST_MATH = YES;
				ONLY_ACTIVE_ARCH = YES;
				SDKROOT = iphoneos;
				SWIFT_ACTIVE_COMPILATION_CONDITIONS = DEBUG;
				SWIFT_OPTIMIZATION_LEVEL = "-Onone";
			};
			name = Debug;
		};
		72F6B2872277BB7F00EEE3B6 /* Release */ = {
			isa = XCBuildConfiguration;
			buildSettings = {
				ALWAYS_SEARCH_USER_PATHS = NO;
				CLANG_ANALYZER_NONNULL = YES;
				CLANG_ANALYZER_NUMBER_OBJECT_CONVERSION = YES_AGGRESSIVE;
				CLANG_CXX_LANGUAGE_STANDARD = "gnu++14";
				CLANG_CXX_LIBRARY = "libc++";
				CLANG_ENABLE_MODULES = YES;
				CLANG_ENABLE_OBJC_ARC = YES;
				CLANG_ENABLE_OBJC_WEAK = YES;
				CLANG_WARN_BLOCK_CAPTURE_AUTORELEASING = YES;
				CLANG_WARN_BOOL_CONVERSION = YES;
				CLANG_WARN_COMMA = YES;
				CLANG_WARN_CONSTANT_CONVERSION = YES;
				CLANG_WARN_DEPRECATED_OBJC_IMPLEMENTATIONS = YES;
				CLANG_WARN_DIRECT_OBJC_ISA_USAGE = YES_ERROR;
				CLANG_WARN_DOCUMENTATION_COMMENTS = YES;
				CLANG_WARN_EMPTY_BODY = YES;
				CLANG_WARN_ENUM_CONVERSION = YES;
				CLANG_WARN_INFINITE_RECURSION = YES;
				CLANG_WARN_INT_CONVERSION = YES;
				CLANG_WARN_NON_LITERAL_NULL_CONVERSION = YES;
				CLANG_WARN_OBJC_IMPLICIT_RETAIN_SELF = YES;
				CLANG_WARN_OBJC_LITERAL_CONVERSION = YES;
				CLANG_WARN_OBJC_ROOT_CLASS = YES_ERROR;
				CLANG_WARN_RANGE_LOOP_ANALYSIS = YES;
				CLANG_WARN_STRICT_PROTOTYPES = YES;
				CLANG_WARN_SUSPICIOUS_MOVE = YES;
				CLANG_WARN_UNGUARDED_AVAILABILITY = YES_AGGRESSIVE;
				CLANG_WARN_UNREACHABLE_CODE = YES;
				CLANG_WARN__DUPLICATE_METHOD_MATCH = YES;
				CODE_SIGN_IDENTITY = "iPhone Developer";
				COPY_PHASE_STRIP = NO;
				DEBUG_INFORMATION_FORMAT = "dwarf-with-dsym";
				ENABLE_NS_ASSERTIONS = NO;
				ENABLE_STRICT_OBJC_MSGSEND = YES;
				GCC_C_LANGUAGE_STANDARD = gnu11;
				GCC_NO_COMMON_BLOCKS = YES;
				GCC_WARN_64_TO_32_BIT_CONVERSION = YES;
				GCC_WARN_ABOUT_RETURN_TYPE = YES_ERROR;
				GCC_WARN_UNDECLARED_SELECTOR = YES;
				GCC_WARN_UNINITIALIZED_AUTOS = YES_AGGRESSIVE;
				GCC_WARN_UNUSED_FUNCTION = YES;
				GCC_WARN_UNUSED_VARIABLE = YES;
				IPHONEOS_DEPLOYMENT_TARGET = 12.0;
				MTL_ENABLE_DEBUG_INFO = NO;
				MTL_FAST_MATH = YES;
				SDKROOT = iphoneos;
				SWIFT_COMPILATION_MODE = wholemodule;
				SWIFT_OPTIMIZATION_LEVEL = "-O";
				VALIDATE_PRODUCT = YES;
			};
			name = Release;
		};
		72F6B2892277BB7F00EEE3B6 /* Debug */ = {
			isa = XCBuildConfiguration;
			baseConfigurationReference = 282E177A0A6EA3A8C02E654F /* Pods-Aziz Maraka Music App.debug.xcconfig */;
			buildSettings = {
				ASSETCATALOG_COMPILER_APPICON_NAME = AppIcon;
				CODE_SIGN_STYLE = Automatic;
				DEVELOPMENT_TEAM = QVCZFS2TP2;
				INFOPLIST_FILE = "Aziz Maraka Music App/Info.plist";
				LD_RUNPATH_SEARCH_PATHS = (
					"$(inherited)",
					"@executable_path/Frameworks",
				);
				PRODUCT_BUNDLE_IDENTIFIER = "a.Aziz-Maraka-Music-App";
				PRODUCT_NAME = "$(TARGET_NAME)";
				SWIFT_VERSION = 4.2;
				TARGETED_DEVICE_FAMILY = "1,2";
			};
			name = Debug;
		};
		72F6B28A2277BB7F00EEE3B6 /* Release */ = {
			isa = XCBuildConfiguration;
			baseConfigurationReference = 6EAFB38375A0B4B80D663B94 /* Pods-Aziz Maraka Music App.release.xcconfig */;
			buildSettings = {
				ASSETCATALOG_COMPILER_APPICON_NAME = AppIcon;
				CODE_SIGN_STYLE = Automatic;
				DEVELOPMENT_TEAM = QVCZFS2TP2;
				INFOPLIST_FILE = "Aziz Maraka Music App/Info.plist";
				LD_RUNPATH_SEARCH_PATHS = (
					"$(inherited)",
					"@executable_path/Frameworks",
				);
				PRODUCT_BUNDLE_IDENTIFIER = "a.Aziz-Maraka-Music-App";
				PRODUCT_NAME = "$(TARGET_NAME)";
				SWIFT_VERSION = 4.2;
				TARGETED_DEVICE_FAMILY = "1,2";
			};
			name = Release;
		};
/* End XCBuildConfiguration section */

/* Begin XCConfigurationList section */
		72F6B2712277BB7D00EEE3B6 /* Build configuration list for PBXProject "Aziz Maraka Music App" */ = {
			isa = XCConfigurationList;
			buildConfigurations = (
				72F6B2862277BB7F00EEE3B6 /* Debug */,
				72F6B2872277BB7F00EEE3B6 /* Release */,
			);
			defaultConfigurationIsVisible = 0;
			defaultConfigurationName = Release;
		};
		72F6B2882277BB7F00EEE3B6 /* Build configuration list for PBXNativeTarget "Aziz Maraka Music App" */ = {
			isa = XCConfigurationList;
			buildConfigurations = (
				72F6B2892277BB7F00EEE3B6 /* Debug */,
				72F6B28A2277BB7F00EEE3B6 /* Release */,
			);
			defaultConfigurationIsVisible = 0;
			defaultConfigurationName = Release;
		};
/* End XCConfigurationList section */
	};
	rootObject = 72F6B26E2277BB7D00EEE3B6 /* Project object */;
}
